
Microsoft Visual Studio Solution File, Format Version 12.00
# Visual Studio 15
VisualStudioVersion = 15.0.28010.2036
MinimumVisualStudioVersion = 10.0.40219.1
Project("{FAE04EC0-301F-11D3-BF4B-00C04F79EFBC}") = "SchoolManagement.Web", "SchoolManagement.Web\SchoolManagement.Web.csproj", "{A1ED53E5-DF5B-45E2-9191-E09F5692FECB}"
EndProject
Global
	GlobalSection(SolutionConfigurationPlatforms) = preSolution
		Debug|Any CPU = Debug|Any CPU
		Release|Any CPU = Release|Any CPU
	EndGlobalSection
	GlobalSection(ProjectConfigurationPlatforms) = postSolution
		{A1ED53E5-DF5B-45E2-9191-E09F5692FECB}.Debug|Any CPU.ActiveCfg = Debug|Any CPU
		{A1ED53E5-DF5B-45E2-9191-E09F5692FECB}.Debug|Any CPU.Build.0 = Debug|Any CPU
		{A1ED53E5-DF5B-45E2-9191-E09F5692FECB}.Release|Any CPU.ActiveCfg = Release|Any CPU
		{A1ED53E5-DF5B-45E2-9191-E09F5692FECB}.Release|Any CPU.Build.0 = Release|Any CPU
	EndGlobalSection
	GlobalSection(SolutionProperties) = preSolution
		HideSolutionNode = FALSE
	EndGlobalSection
	GlobalSection(ExtensibilityGlobals) = postSolution
		SolutionGuid = {AA59DE06-0AAF-4334-8E6D-B2235CEFCF7A}
	EndGlobalSection
EndGlobal
